
Microsoft Visual Studio Solution File, Format Version 12.00
# Visual Studio Version 16
VisualStudioVersion = 16.0.31410.357
MinimumVisualStudioVersion = 10.0.40219.1
Project("{9A19103F-16F7-4668-BE54-9A1E7A4F7556}") = "DAL", "DAL\DAL.csproj", "{9FE50612-AF3F-4A08-B1C8-5F0784860EE5}"
EndProject
Project("{9A19103F-16F7-4668-BE54-9A1E7A4F7556}") = "Model", "Model\Model.csproj", "{93400076-BEA1-491F-BD0C-35D97BD2FB79}"
EndProject
Project("{9A19103F-16F7-4668-BE54-9A1E7A4F7556}") = "Logic_Layer", "Logic Layer\Logic_Layer.csproj", "{840D01C3-4CBC-4814-8952-749A020518C6}"
EndProject
Project("{9A19103F-16F7-4668-BE54-9A1E7A4F7556}") = "Test", "Test\Test.csproj", "{CAE8E183-FB89-49BE-AA4B-E53106ABE82F}"
EndProject
Project("{9A19103F-16F7-4668-BE54-9A1E7A4F7556}") = "GardenGroupUI", "GardenGroupUI\GardenGroupUI.csproj", "{72B1EBDE-6F03-43ED-A477-A35D6CDE47E4}"
EndProject
Global
	GlobalSection(SolutionConfigurationPlatforms) = preSolution
		Debug|Any CPU = Debug|Any CPU
		Release|Any CPU = Release|Any CPU
	EndGlobalSection
	GlobalSection(ProjectConfigurationPlatforms) = postSolution
		{9FE50612-AF3F-4A08-B1C8-5F0784860EE5}.Debug|Any CPU.ActiveCfg = Debug|Any CPU
		{9FE50612-AF3F-4A08-B1C8-5F0784860EE5}.Debug|Any CPU.Build.0 = Debug|Any CPU
		{9FE50612-AF3F-4A08-B1C8-5F0784860EE5}.Release|Any CPU.ActiveCfg = Release|Any CPU
		{9FE50612-AF3F-4A08-B1C8-5F0784860EE5}.Release|Any CPU.Build.0 = Release|Any CPU
		{93400076-BEA1-491F-BD0C-35D97BD2FB79}.Debug|Any CPU.ActiveCfg = Debug|Any CPU
		{93400076-BEA1-491F-BD0C-35D97BD2FB79}.Debug|Any CPU.Build.0 = Debug|Any CPU
		{93400076-BEA1-491F-BD0C-35D97BD2FB79}.Release|Any CPU.ActiveCfg = Release|Any CPU
		{93400076-BEA1-491F-BD0C-35D97BD2FB79}.Release|Any CPU.Build.0 = Release|Any CPU
		{840D01C3-4CBC-4814-8952-749A020518C6}.Debug|Any CPU.ActiveCfg = Debug|Any CPU
		{840D01C3-4CBC-4814-8952-749A020518C6}.Debug|Any CPU.Build.0 = Debug|Any CPU
		{840D01C3-4CBC-4814-8952-749A020518C6}.Release|Any CPU.ActiveCfg = Release|Any CPU
		{840D01C3-4CBC-4814-8952-749A020518C6}.Release|Any CPU.Build.0 = Release|Any CPU
		{CAE8E183-FB89-49BE-AA4B-E53106ABE82F}.Debug|Any CPU.ActiveCfg = Debug|Any CPU
		{CAE8E183-FB89-49BE-AA4B-E53106ABE82F}.Debug|Any CPU.Build.0 = Debug|Any CPU
		{CAE8E183-FB89-49BE-AA4B-E53106ABE82F}.Release|Any CPU.ActiveCfg = Release|Any CPU
		{CAE8E183-FB89-49BE-AA4B-E53106ABE82F}.Release|Any CPU.Build.0 = Release|Any CPU
		{72B1EBDE-6F03-43ED-A477-A35D6CDE47E4}.Debug|Any CPU.ActiveCfg = Debug|Any CPU
		{72B1EBDE-6F03-43ED-A477-A35D6CDE47E4}.Debug|Any CPU.Build.0 = Debug|Any CPU
		{72B1EBDE-6F03-43ED-A477-A35D6CDE47E4}.Release|Any CPU.ActiveCfg = Release|Any CPU
		{72B1EBDE-6F03-43ED-A477-A35D6CDE47E4}.Release|Any CPU.Build.0 = Release|Any CPU
	EndGlobalSection
	GlobalSection(SolutionProperties) = preSolution
		HideSolutionNode = FALSE
	EndGlobalSection
	GlobalSection(ExtensibilityGlobals) = postSolution
		SolutionGuid = {CFD04B46-DDC6-45F8-A62B-F0152BCCB9DA}
	EndGlobalSection
EndGlobal
